# THIS IS AN AUTOGENERATED FILE. DO NOT EDIT THIS FILE DIRECTLY.
# yarn lockfile v1


normalize.css@^7.0.0:
  version "7.0.0"
  resolved "http://registry.npm.taobao.org/normalize.css/download/normalize.css-7.0.0.tgz#abfb1dd82470674e0322b53ceb1aaf412938e4bf"

vue@^2.5.13:
  version "2.5.13"
  resolved "http://registry.npm.taobao.org/vue/download/vue-2.5.13.tgz#95bd31e20efcf7a7f39239c9aa6787ce8cf578e1"
